
Microsoft Visual Studio Solution File, Format Version 12.00
# Visual Studio Version 16
VisualStudioVersion = 16.0.29209.62
MinimumVisualStudioVersion = 10.0.40219.1
Project("{FAE04EC0-301F-11D3-BF4B-00C04F79EFBC}") = "parola", "parola\parola.csproj", "{2C332262-8F6F-4248-A552-7B715AAE2C5C}"
EndProject
Project("{9A19103F-16F7-4668-BE54-9A1E7A4F7556}") = "WebParola", "WebParola\WebParola.csproj", "{3DC55081-E8E3-40A8-92AC-AEA1BE6E8565}"
EndProject
Project("{FAE04EC0-301F-11D3-BF4B-00C04F79EFBC}") = "Core", "Core\Core.csproj", "{BB550EB7-2377-4CF6-9390-141AC31DE3C8}"
EndProject
Project("{FAE04EC0-301F-11D3-BF4B-00C04F79EFBC}") = "StaticClass", "StaticClass\StaticClass.csproj", "{B0EC7040-D566-43D7-9B3D-ED63CBCDBE8C}"
EndProject
Global
	GlobalSection(SolutionConfigurationPlatforms) = preSolution
		Debug|Any CPU = Debug|Any CPU
		Release|Any CPU = Release|Any CPU
	EndGlobalSection
	GlobalSection(ProjectConfigurationPlatforms) = postSolution
		{2C332262-8F6F-4248-A552-7B715AAE2C5C}.Debug|Any CPU.ActiveCfg = Debug|Any CPU
		{2C332262-8F6F-4248-A552-7B715AAE2C5C}.Debug|Any CPU.Build.0 = Debug|Any CPU
		{2C332262-8F6F-4248-A552-7B715AAE2C5C}.Release|Any CPU.ActiveCfg = Release|Any CPU
		{2C332262-8F6F-4248-A552-7B715AAE2C5C}.Release|Any CPU.Build.0 = Release|Any CPU
		{3DC55081-E8E3-40A8-92AC-AEA1BE6E8565}.Debug|Any CPU.ActiveCfg = Debug|Any CPU
		{3DC55081-E8E3-40A8-92AC-AEA1BE6E8565}.Debug|Any CPU.Build.0 = Debug|Any CPU
		{3DC55081-E8E3-40A8-92AC-AEA1BE6E8565}.Release|Any CPU.ActiveCfg = Release|Any CPU
		{3DC55081-E8E3-40A8-92AC-AEA1BE6E8565}.Release|Any CPU.Build.0 = Release|Any CPU
		{BB550EB7-2377-4CF6-9390-141AC31DE3C8}.Debug|Any CPU.ActiveCfg = Debug|Any CPU
		{BB550EB7-2377-4CF6-9390-141AC31DE3C8}.Debug|Any CPU.Build.0 = Debug|Any CPU
		{BB550EB7-2377-4CF6-9390-141AC31DE3C8}.Release|Any CPU.ActiveCfg = Release|Any CPU
		{BB550EB7-2377-4CF6-9390-141AC31DE3C8}.Release|Any CPU.Build.0 = Release|Any CPU
		{B0EC7040-D566-43D7-9B3D-ED63CBCDBE8C}.Debug|Any CPU.ActiveCfg = Debug|Any CPU
		{B0EC7040-D566-43D7-9B3D-ED63CBCDBE8C}.Debug|Any CPU.Build.0 = Debug|Any CPU
		{B0EC7040-D566-43D7-9B3D-ED63CBCDBE8C}.Release|Any CPU.ActiveCfg = Release|Any CPU
		{B0EC7040-D566-43D7-9B3D-ED63CBCDBE8C}.Release|Any CPU.Build.0 = Release|Any CPU
	EndGlobalSection
	GlobalSection(SolutionProperties) = preSolution
		HideSolutionNode = FALSE
	EndGlobalSection
	GlobalSection(ExtensibilityGlobals) = postSolution
		SolutionGuid = {3D6B5303-CB78-44C0-889F-2C58D05D75CD}
	EndGlobalSection
EndGlobal
